{
    "_meta": {
        "hash": {
            "sha256": "7ec7295f6f7880428c8f1f9cb69133733838e1351f5e7147ea6ecc3f94b3f8a8"
        },
        "pipfile-spec": 6,
        "requires": {
            "python_version": "3.6"
        },
        "sources": [
            {
                "name": "pypi",
                "url": "https://pypi.org/simple",
                "verify_ssl": true
            }
        ]
    },
    "default": {
        "aniso8601": {
            "hashes": [
                "sha256:513d2b6637b7853806ae79ffaca6f3e8754bdd547048f5ccc1420aec4b714f1e",
                "sha256:d10a4bf949f619f719b227ef5386e31f49a2b6d453004b21f02661ccc8670c7b"
            ],
            "version": "==7.0.0"
        },
        "blis": {
            "hashes": [
                "sha256:00473602629ba69fe6565108e21957e918cb48b59f5bf2f6bfb6e04de42500cb",
                "sha256:03c368c9716ca814c436550a5f1e02ccf74850e613602519e3941d212e5aa177",
                "sha256:135450caabc8aea9bb9250329ebdf7189982d9b57d5c92789b2ba2fe52c247a7",
                "sha256:1402d9cbb0fbc21b749dd5b87d7ee14249e74a0ca38be6ecc56b3b356fca2f21",
                "sha256:26b16d6005bb2671699831b5cc699905215d1abde1ec5c1d04de7dcd9eb29f75",
                "sha256:3347a4b1b7d3ae14476aac9a6f7bf8ebf464863f4ebf4aea228874a7694ea240",
                "sha256:38fe877a4b52e762f5e137a412e3c256545a696a12ae8c40d67b8815d2bb5097",
                "sha256:4fb89c47ee06b58a4410a16fd5794847517262c9d2a342643475b477dfeff0a4",
                "sha256:77a6486b9794af01bcdfd1bc6e067c93add4b93292e6f95bf6e5ce7f98bf0163",
                "sha256:856142a11e37fd2c47c5006a3197e157bb8469a491a73d2d442223dd3279df84",
                "sha256:8aeaf6954351593a1e412f80e398aa51df588d3c0de74b9f3323b694c603381b",
                "sha256:9ede123065f3cacb109967755b3d83d4ca0de90643a9058129a6ab2d4051954f",
                "sha256:d1d59faebc1c94f8f4f77154ef4b9d6d40364b111cf8fde48ee3b524c85f1075",
                "sha256:d69257d317e86f34a7f230a2fd1f021fd2a1b944137f40d8cdbb23bd334cd0c4",
                "sha256:ddd732c5274d1082fa92e2c42317587d5ebabce7741ca98120f69bd45d004b99",
                "sha256:f0b0dad4d6268d9dba0a65a9db12dd7a2d8686b648399e4aa1aec7550697e99e"
            ],
            "version": "==0.4.1"
        },
        "certifi": {
            "hashes": [
                "sha256:017c25db2a153ce562900032d5bc68e9f191e44e9a0f762f373977de9df1fbb3",
                "sha256:25b64c7da4cd7479594d035c08c2d809eb4aab3a26e5a990ea98cc450c320f1f"
            ],
            "version": "==2019.11.28"
        },
        "chardet": {
            "hashes": [
                "sha256:84ab92ed1c4d4f16916e05906b6b75a6c0fb5db821cc65e70cbd64a3e2a5eaae",
                "sha256:fc323ffcaeaed0e0a02bf4d117757b98aed530d9ed4531e3e15460124c106691"
            ],
            "version": "==3.0.4"
        },
        "cymem": {
            "hashes": [
                "sha256:5083b2ab5fe13ced094a82e0df465e2dbbd9b1c013288888035e24fd6eb4ed01",
                "sha256:622c20a57701d02f01a47e856dea248e112638f28c8249dbe3ed95a9702e3d74",
                "sha256:6f4cb689a9552e9e13dccc89203c8ab09f210a7ffb92ce27c384a4a0be27b527",
                "sha256:719f04a11ca709fc2b47868070d79fccff77e5d502ff32de2f4baa73cb16166f",
                "sha256:7236252bed70f37b898933dcf8aa875d0829664a245a272516f27b30439df71c",
                "sha256:7f5ddceb12b73f7fd2e4398266401b6f887003740ccd18c989a2af04500b5f2b",
                "sha256:85b9364e099426bd7f445a7705aad87bf6dbb71d79e3802dd8ca14e181d38a33",
                "sha256:c288a1bbdf58c360457443e5297e74844e1961e5e7001dbcb3a5297a41911a11",
                "sha256:cd21ec48ee70878d46c486e2f7ae94b32bfc6b37c4d27876c5a5a00c4eb75c3c",
                "sha256:d7505c500d994f11662e5595f5002251f572acc189f18944619352e2636f5181",
                "sha256:dd24848fbd75b17bab06408da6c029ba7cc615bd9e4a1f755fb3a090025fb922",
                "sha256:f4f19af4bca81f11922508a9dcf30ce1d2aee4972af9f81ce8e5331a6f46f5e1"
            ],
            "version": "==2.0.3"
        },
        "dj-database-url": {
            "hashes": [
                "sha256:ca01768fdecde134301f3170743226f60edff5c3935f12437378ebd911506353",
                "sha256:f2e273ed34acbb560962d5cf12917936d8df02297df09bd3089b8546d4584138"
            ],
            "index": "pypi",
            "version": "==0.3.0"
        },
        "dj-static": {
            "hashes": [
                "sha256:032ec1c532617922e6e3e956d504a6fb1acce4fc1c7c94612d0fda21828ce8ef"
            ],
            "index": "pypi",
            "version": "==0.0.6"
        },
        "django": {
            "hashes": [
                "sha256:1a41831eace203fd1939edf899e07d7abd12ce9bafc3d9a5a63a24a8d1d12bd5",
                "sha256:305b6c4fce9e03bb746e35780c2c4d52f29ea1669f15633cfd41bc8821c74c76"
            ],
            "index": "pypi",
            "version": "==2.1.11"
        },
        "django-environ": {
            "hashes": [
                "sha256:6c9d87660142608f63ec7d5ce5564c49b603ea8ff25da595fd6098f6dc82afde",
                "sha256:c57b3c11ec1f319d9474e3e5a79134f40174b17c7cc024bbb2fad84646b120c4"
            ],
            "version": "==0.4.5"
        },
        "django-filter": {
            "hashes": [
                "sha256:6f4e4bc1a11151178520567b50320e5c32f8edb552139d93ea3e30613b886f56",
                "sha256:86c3925020c27d072cdae7b828aaa5d165c2032a629abbe3c3a1be1edae61c58"
            ],
            "index": "pypi",
            "version": "==2.0.0"
        },
        "django-graphql-jwt": {
            "hashes": [
                "sha256:3af826631bd710ac1bdd3c7f796259f274a855514d26157b466bb82299b38eed",
                "sha256:9126bdf095e6c199ade6682106ab5d3e32af94fbfe0e24de36f6613050ae4306"
            ],
            "index": "pypi",
            "version": "==0.1.5"
        },
        "graphene": {
            "hashes": [
                "sha256:09165f03e1591b76bf57b133482db9be6dac72c74b0a628d3c93182af9c5a896",
                "sha256:2cbe6d4ef15cfc7b7805e0760a0e5b80747161ce1b0f990dfdc0d2cf497c12f9"
            ],
            "index": "pypi",
            "version": "==2.1.8"
        },
        "graphene-django": {
            "hashes": [
                "sha256:3afd81d47c8b702650e05cc1179fac1cfceae991d241bb164d51f28bed9ec95c",
                "sha256:760a18068feb5457e2ec00d2447c09b2fbac2a6b8c32cc8be2abce3752107ad3"
            ],
            "index": "pypi",
            "version": "==2.2.0"
        },
        "graphql-core": {
            "hashes": [
                "sha256:74a8f509ae8c4a58271f5d6b46d5c75b4aed116821ab62dea252d8041bfe057a",
                "sha256:c06e59153246dd48ddbf86ca94a8f045c1b71daf8154b4635e1a0e2e11d9b60b"
            ],
            "version": "==2.3.1"
        },
        "graphql-relay": {
            "hashes": [
                "sha256:0e94201af4089e1f81f07d7bd8f84799768e39d70fa1ea16d1df505b46cc6335",
                "sha256:75aa0758971e252964cb94068a4decd472d2a8295229f02189e3cbca1f10dbb5",
                "sha256:7fa74661246e826ef939ee92e768f698df167a7617361ab399901eaebf80dce6"
            ],
            "index": "pypi",
            "version": "==2.0.0"
        },
        "gunicorn": {
            "hashes": [
                "sha256:75af03c99389535f218cc596c7de74df4763803f7b63eb09d77e92b3956b36c6",
                "sha256:eee1169f0ca667be05db3351a0960765620dad53f53434262ff8901b68a1b622"
            ],
            "index": "pypi",
            "version": "==19.7.1"
        },
        "idna": {
            "hashes": [
                "sha256:7588d1c14ae4c77d74036e8c22ff447b26d0fde8f007354fd48a7814db15b7cb",
                "sha256:a068a21ceac8a4d63dbfd964670474107f541babbd2250d61922f029858365fa"
            ],
            "version": "==2.9"
        },
        "importlib-metadata": {
            "hashes": [
                "sha256:06f5b3a99029c7134207dd882428a66992a9de2bef7c2b699b5641f9886c3302",
                "sha256:b97607a1a18a5100839aec1dc26a1ea17ee0d93b20b0f008d80a5a050afb200b"
            ],
            "markers": "python_version < '3.8'",
            "version": "==1.5.0"
        },
        "murmurhash": {
            "hashes": [
                "sha256:27b908fe4bdb426f4e4e4a8821acbe0302915b2945e035ec9d8ca513e2a74b1f",
                "sha256:33405103fa8cde15d72ee525a03d5cfe2c7e4901133819754810986e29627d68",
                "sha256:386a9eed3cb27cb2cd4394b6521275ba04552642c2d9cab5c9fb42aa5a3325c0",
                "sha256:3af36a0dc9f13f6892d9b8b39a6a3ccf216cae5bce38adc7c2d145677987772f",
                "sha256:717196a04cdc80cc3103a3da17b2415a8a5e1d0d578b7079259386bf153b3258",
                "sha256:8a4ed95cd3456b43ea301679c7c39ade43fc18b844b37d0ba0ac0d6acbff8e0c",
                "sha256:8b045a79e8b621b4b35b29f29e33e9e0964f3a276f7da4d5736142f322ad4842",
                "sha256:a6c071b4b498bcea16a8dc8590cad81fa8d43821f34c74bc00f96499e2527073",
                "sha256:b0afe329701b59d02e56bc6cee7325af83e3fee9c299c615fc1df3202b4f886f",
                "sha256:ba766343bdbcb928039b8fff609e80ae7a5fd5ed7a4fc5af822224b63e0cbaff",
                "sha256:bf33490514d308bcc27ed240cb3eb114f1ec31af031535cd8f27659a7049bd52",
                "sha256:c7a646f6b07b033642b4f52ae2e45efd8b80780b3b90e8092a0cec935fbf81e2",
                "sha256:cc97ea766ac545074bab0e5af3dbc48e0d05ba230ae5a404e284d39abe4b3baf",
                "sha256:d696c394ebd164ca80b5871e2e9ad2f9fdbb81bd3c552c1d5f1e8ee694e6204a",
                "sha256:f468e4868f78c3ac202a66abfe2866414bca4ae7666a21ef0938c423de0f7d50",
                "sha256:fe344face8d30a5a6aa26e5acf288aa2a8f0f32e05efdda3d314b4bf289ec2af"
            ],
            "version": "==1.0.2"
        },
        "nltk": {
            "hashes": [
                "sha256:bed45551259aa2101381bbdd5df37d44ca2669c5c3dad72439fa459b29137d94"
            ],
            "index": "pypi",
            "version": "==3.4.5"
        },
        "numpy": {
            "hashes": [
                "sha256:1786a08236f2c92ae0e70423c45e1e62788ed33028f94ca99c4df03f5be6b3c6",
                "sha256:17aa7a81fe7599a10f2b7d95856dc5cf84a4eefa45bc96123cbbc3ebc568994e",
                "sha256:20b26aaa5b3da029942cdcce719b363dbe58696ad182aff0e5dcb1687ec946dc",
                "sha256:2d75908ab3ced4223ccba595b48e538afa5ecc37405923d1fea6906d7c3a50bc",
                "sha256:39d2c685af15d3ce682c99ce5925cc66efc824652e10990d2462dfe9b8918c6a",
                "sha256:56bc8ded6fcd9adea90f65377438f9fea8c05fcf7c5ba766bef258d0da1554aa",
                "sha256:590355aeade1a2eaba17617c19edccb7db8d78760175256e3cf94590a1a964f3",
                "sha256:70a840a26f4e61defa7bdf811d7498a284ced303dfbc35acb7be12a39b2aa121",
                "sha256:77c3bfe65d8560487052ad55c6998a04b654c2fbc36d546aef2b2e511e760971",
                "sha256:9537eecf179f566fd1c160a2e912ca0b8e02d773af0a7a1120ad4f7507cd0d26",
                "sha256:9acdf933c1fd263c513a2df3dceecea6f3ff4419d80bf238510976bf9bcb26cd",
                "sha256:ae0975f42ab1f28364dcda3dde3cf6c1ddab3e1d4b2909da0cb0191fa9ca0480",
                "sha256:b3af02ecc999c8003e538e60c89a2b37646b39b688d4e44d7373e11c2debabec",
                "sha256:b6ff59cee96b454516e47e7721098e6ceebef435e3e21ac2d6c3b8b02628eb77",
                "sha256:b765ed3930b92812aa698a455847141869ef755a87e099fddd4ccf9d81fffb57",
                "sha256:c98c5ffd7d41611407a1103ae11c8b634ad6a43606eca3e2a5a269e5d6e8eb07",
                "sha256:cf7eb6b1025d3e169989416b1adcd676624c2dbed9e3bcb7137f51bfc8cc2572",
                "sha256:d92350c22b150c1cae7ebb0ee8b5670cc84848f6359cf6b5d8f86617098a9b73",
                "sha256:e422c3152921cece8b6a2fb6b0b4d73b6579bd20ae075e7d15143e711f3ca2ca",
                "sha256:e840f552a509e3380b0f0ec977e8124d0dc34dc0e68289ca28f4d7c1d0d79474",
                "sha256:f3d0a94ad151870978fb93538e95411c83899c9dc63e6fb65542f769568ecfa5"
            ],
            "version": "==1.18.1"
        },
        "plac": {
            "hashes": [
                "sha256:398cb947c60c4c25e275e1f1dadf027e7096858fb260b8ece3b33bcff90d985f",
                "sha256:487e553017d419f35add346c4c09707e52fa53f7e7181ce1098ca27620e9ceee"
            ],
            "version": "==1.1.3"
        },
        "preshed": {
            "hashes": [
                "sha256:0c15ae62f2595ca479decc3452967484dae57b510278800f5deb9115238cc818",
                "sha256:190345724eb3f7aeaeb2a758740d698bd6c017c2cdf07c71c16b34820973d114",
                "sha256:1be3cb59211282e906a11443464fe3e19f6561e2fcd06410e4adc6d45354cf82",
                "sha256:1ef72a120e49356058b3c0590d7b5e91f2747b44e006eef6579be6131223cab0",
                "sha256:253970beae87ab672a6afb543908761795eea3cb7b0d784e2ea51e265752059e",
                "sha256:448d9df12e63fe4a3024f6153ee6703bb95d2be0ce887b5eda7ddc41acfba825",
                "sha256:61d73468c97c1d6d5a048de0b01d5a6fd052123358aca4823cdb277e436436cb",
                "sha256:633358f1fb0ec5dd6dbe4971c328d08809e5a8dbefdf13a802ae0a7cb45306c7",
                "sha256:6518bbd5fb8adbc3231e75ae78d96a7bdd5405a3b23a09d5e62a2e4fc833724e",
                "sha256:7e80ffc1fb79496d4feafe0eaf71ee5e532b91daf6cec235d7f9c4c12657a58c",
                "sha256:7ea588a78aaf310ae2c293071a8571b07ae434819be05fe510442b6df3f8fbf7",
                "sha256:88427346b220293439db77c82913791fa13edc6ac73d8159610699a3ca17aae9",
                "sha256:8a9a8222a697a513f25a94733e7a17cc298ecd8fd56b606a1d8fa0ac342c2830",
                "sha256:b4ae6c7c44aa3ff7bd717791bb6b619ecb273b7cb128c986f2dc65f6e0e6ddd4",
                "sha256:e37058d91bd7f0f5a7a9c83d22a83dc581ab5f79688a87be81f200993145a250",
                "sha256:ece5e850f667eaa3367d5c56dda9e3aa6ac1c0bb2117d2f466a26db5f26bbe4b"
            ],
            "version": "==3.0.2"
        },
        "promise": {
            "hashes": [
                "sha256:dfd18337c523ba4b6a58801c164c1904a9d4d1b1747c7d5dbf45b693a49d93d0"
            ],
            "version": "==2.3"
        },
        "psycopg2-binary": {
            "hashes": [
                "sha256:080c72714784989474f97be9ab0ddf7b2ad2984527e77f2909fcd04d4df53809",
                "sha256:110457be80b63ff4915febb06faa7be002b93a76e5ba19bf3f27636a2ef58598",
                "sha256:171352a03b22fc099f15103959b52ee77d9a27e028895d7e5fde127aa8e3bac5",
                "sha256:19d013e7b0817087517a4b3cab39c084d78898369e5c46258aab7be4f233d6a1",
                "sha256:249b6b21ae4eb0f7b8423b330aa80fab5f821b9ffc3f7561a5e2fd6bb142cf5d",
                "sha256:2ac0731d2d84b05c7bb39e85b7e123c3a0acd4cda631d8d542802c88deb9e87e",
                "sha256:2b6d561193f0dc3f50acfb22dd52ea8c8dfbc64bcafe3938b5f209cc17cb6f00",
                "sha256:2bd23e242e954214944481124755cbefe7c2cf563b1a54cd8d196d502f2578bf",
                "sha256:3e1239242ca60b3725e65ab2f13765fc199b03af9eaf1b5572f0e97bdcee5b43",
                "sha256:3eb70bb697abbe86b1d2b1316370c02ba320bfd1e9e35cf3b9566a855ea8e4e5",
                "sha256:51a2fc7e94b98bd1bb5d4570936f24fc2b0541b63eccadf8fdea266db8ad2f70",
                "sha256:52f1bdafdc764b7447e393ed39bb263eccb12bfda25a4ac06d82e3a9056251f6",
                "sha256:5b3581319a3951f1e866f4f6c5e42023db0fae0284273b82e97dfd32c51985cd",
                "sha256:63c1b66e3b2a3a336288e4bcec499e0dc310cd1dceaed1c46fa7419764c68877",
                "sha256:8123a99f24ecee469e5c1339427bcdb2a33920a18bb5c0d58b7c13f3b0298ba3",
                "sha256:85e699fcabe7f817c0f0a412d4e7c6627e00c412b418da7666ff353f38e30f67",
                "sha256:8dbff4557bbef963697583366400822387cccf794ccb001f1f2307ed21854c68",
                "sha256:908d21d08d6b81f1b7e056bbf40b2f77f8c499ab29e64ec5113052819ef1c89b",
                "sha256:af39d0237b17d0a5a5f638e9dffb34013ce2b1d41441fd30283e42b22d16858a",
                "sha256:af51bb9f055a3f4af0187149a8f60c9d516cf7d5565b3dac53358796a8fb2a5b",
                "sha256:b2ecac57eb49e461e86c092761e6b8e1fd9654dbaaddf71a076dcc869f7014e2",
                "sha256:cd37cc170678a4609becb26b53a2bc1edea65177be70c48dd7b39a1149cabd6e",
                "sha256:d17e3054b17e1a6cb8c1140f76310f6ede811e75b7a9d461922d2c72973f583e",
                "sha256:d305313c5a9695f40c46294d4315ed3a07c7d2b55e48a9010dad7db7a66c8b7f",
                "sha256:dd0ef0eb1f7dd18a3f4187226e226a7284bda6af5671937a221766e6ef1ee88f",
                "sha256:e1adff53b56db9905db48a972fb89370ad5736e0450b96f91bcf99cadd96cfd7",
                "sha256:f0d43828003c82dbc9269de87aa449e9896077a71954fbbb10a614c017e65737",
                "sha256:f78e8b487de4d92640105c1389e5b90be3496b1d75c90a666edd8737cc2dbab7"
            ],
            "index": "pypi",
            "version": "==2.8.3"
        },
        "pyjwt": {
            "hashes": [
                "sha256:5c6eca3c2940464d106b99ba83b00c6add741c9becaec087fb7ccdefea71350e",
                "sha256:8d59a976fb773f3e6a39c85636357c4f0e242707394cadadd9814f5cbaa20e96"
            ],
            "index": "pypi",
            "version": "==1.7.1"
        },
        "python-dotenv": {
            "hashes": [
                "sha256:debd928b49dbc2bf68040566f55cdb3252458036464806f4094487244e2a4093",
                "sha256:f157d71d5fec9d4bd5f51c82746b6344dffa680ee85217c123f4a0c8117c4544"
            ],
            "index": "pypi",
            "version": "==0.10.3"
        },
        "pytz": {
            "hashes": [
                "sha256:1c557d7d0e871de1f5ccd5833f60fb2550652da6be2693c1e02300743d21500d",
                "sha256:b02c06db6cf09c12dd25137e563b31700d3b80fcc4ad23abb7a315f2789819be"
            ],
            "index": "pypi",
            "version": "==2019.3"
        },
        "requests": {
            "hashes": [
                "sha256:43999036bfa82904b6af1d99e4882b560e5e2c68e5c4b0aa03b655f3d7d73fee",
                "sha256:b3f43d496c6daba4493e7c431722aeb7dbc6288f52a6e04e7b6023b0247817e6"
            ],
            "version": "==2.23.0"
        },
        "rx": {
            "hashes": [
                "sha256:13a1d8d9e252625c173dc795471e614eadfe1cf40ffc684e08b8fff0d9748c23",
                "sha256:7357592bc7e881a95e0c2013b73326f704953301ab551fbc8133a6fadab84105"
            ],
            "version": "==1.6.1"
        },
        "singledispatch": {
            "hashes": [
                "sha256:5b06af87df13818d14f08a028e42f566640aef80805c3b50c5056b086e3c2b9c",
                "sha256:833b46966687b3de7f438c761ac475213e53b306740f1abfaa86e1d1aae56aa8"
            ],
            "version": "==3.4.0.3"
        },
        "six": {
            "hashes": [
                "sha256:236bdbdce46e6e6a3d61a337c0f8b763ca1e8717c03b369e87a7ec7ce1319c0a",
                "sha256:8f3cd2e254d8f793e7f3d6d9df77b92252b52637291d0f0da013c76ea2724b6c"
            ],
            "version": "==1.14.0"
        },
        "spacy": {
            "hashes": [
                "sha256:33b9aacddad185d4b5cd2fddbe57375f93a88741e06992670f342a002685fb50",
                "sha256:4a1b47a1af437f43987384cd6d8061f5b3e8985f0f2b323f9644ba8e733e79a4",
                "sha256:5f5bf268a9c99de5ff4f5f5284ba44a1a33beabc3732824b8b6a2ece8899f310",
                "sha256:6311a3040cd40d890307ef316ce193422b074d1eda20f2c9a5e04cef58f494c6",
                "sha256:643200afff7bdb1631d58eb36d00c8f493bf038ed8ab59fb30ddf7fd3aea36b5",
                "sha256:72419014d91be4e3407e1610a13909d91fd0b989638b1343863318f294dba226",
                "sha256:87e2690274086a4d128c17077d2c887c5bb225490f429204858ea5a19121aebf",
                "sha256:926a7f48011d920e347fa02174421cecffc4d35e68d310e2a8e60fa2732fef9b",
                "sha256:936e1a9adc52d3de07efb1af638c9d19993a4873f0d03038b04f38bf35dc08d0",
                "sha256:98f82ff98aab28ca61baff1e79ebef03751ea36ac33308e270c0aa118826c078",
                "sha256:a10625ac4d05d94034a0e68c9147a385eb9742ff703e7578f928175ba5e6a470",
                "sha256:a9d7a482fb75ad923fc59a7bb9d0148f571b778880e157f1f399a7fb4073eb5b",
                "sha256:f4b854a59cc3fd223d46f3ed0654f606a2d11f607636d3f4259b6f586cfff6a0"
            ],
            "index": "pypi",
            "version": "==2.2.2"
        },
        "srsly": {
            "hashes": [
                "sha256:18bad26c34cf5a8853fbf018fd168a7bf2ea7ce661e66476c25dac711cb79c9b",
                "sha256:2179cf1e88c250e89e40227bd5848341011c170079b3d424987d067de6a73f42",
                "sha256:21cfb0e5dea2c4515b5c2daa78402d5782c6425b4f58af40d2e2cb45e4778d8c",
                "sha256:29434753a77481ec6129991f4116f983085cc8005c1ad963261124842e8c05fc",
                "sha256:3f3975e8cb67194d26dd03508469b1303f8b994f30e7782f7eae25fef6dc4aad",
                "sha256:46213d8f094b348a9433c825ac1eba36a21aa25a8bae6f29c2f9f053e15be961",
                "sha256:59258b81d567df207f8a0a33c4b5fa232afccf1d927c8ce3ba5395bfd64c0ed8",
                "sha256:7c553a709fd56a37a07f969e849f55a0aeabaeb7677bebc588a640ab8ec134aa",
                "sha256:95849d84e8929be248a180e672c8ce1ed98b1341263bc983efdf8427465584f1",
                "sha256:b94d8a13c60e3298a9ba12b1b211026e8378c7d087efd7ce46a3f2d8d4678d94",
                "sha256:c8beff52c104a7ffe4a15513a05dc0497998cf83aa1ca39454489994d18c1c07",
                "sha256:d409beb7257208633c974c01f9dc3265562fb6802caee7de21880761ba87c3ed"
            ],
            "version": "==1.0.2"
        },
        "static3": {
            "hashes": [
                "sha256:2f63f2972bf80e873607bc51a69c9238c9da89491e27f7e5622530210f744ee1"
            ],
            "index": "pypi",
            "version": "==0.6.1"
        },
        "thinc": {
            "hashes": [
                "sha256:1dbaec0628040a1f8d66147fadbf7775ad6dfe4c681424b2e20479c1e54dc3c1",
                "sha256:20b6ed4a8112342b433b9b3ca23b59322d07e32a9232d3cca19b0353e213eadb",
                "sha256:30790a1a496a8a84fe300edf50df50454dbdb625b41b203739fbc03112a4d3b6",
                "sha256:56b67887930df87c28af2cc4d046c6bc3e80ed4ff3e57208a4fb7a348d12a580",
                "sha256:650fbead603bd7e73a61fd2c1b69202ad7a8eb70d4ebe7c5484b8788e828b6e0",
                "sha256:713adad69c108dbdc145276d077c4a80f3df31a39b3fc574782dcb64b1def815",
                "sha256:801f32f6c048de7e9f6d406342080e6348d0bb02beb1412811f9150a26661691",
                "sha256:8833246f1c8b95143c91e310728bf64af8972a9d8653252efa1b4c9036837569",
                "sha256:93cb9d184115a8890321dd7f5d94a0d8235dc2fca54d92a9c1c051234a7af43e",
                "sha256:abe0d00cbb2cc831f4462e41f97aeb754b275a723a1335cdce7ac9224001d567",
                "sha256:bad16bcc608ec4d74c680d85aa9bf43cfc776ac12ca3b7e699d7283fd0177bca",
                "sha256:ce81d6b2372057e10f9d7cb505942df67a803f270d69959d44d372e8e3792bb9",
                "sha256:f19a36cdfdbef75109f505313c16a7b154b9bbf83dd177e9ddd43430dc523bb0"
            ],
            "version": "==7.3.1"
        },
        "tqdm": {
            "hashes": [
                "sha256:0d8b5afb66e23d80433102e9bd8b5c8b65d34c2a2255b2de58d97bd2ea8170fd",
                "sha256:f35fb121bafa030bd94e74fcfd44f3c2830039a2ddef7fc87ef1c2d205237b24"
            ],
            "version": "==4.43.0"
        },
        "urllib3": {
            "hashes": [
                "sha256:2f3db8b19923a873b3e5256dc9c2dedfa883e33d87c690d9c7913e1f40673cdc",
                "sha256:87716c2d2a7121198ebcb7ce7cccf6ce5e9ba539041cfbaeecfb641dc0bf6acc"
            ],
            "version": "==1.25.8"
        },
        "wasabi": {
            "hashes": [
                "sha256:b8dd3e963cd693fde1eb6bfbecf51790171aa3534fa299faf35cf269f2fd6063",
                "sha256:da1f100e0025fe1e50fd67fa5b0b05df902187d5c65c86dc110974ab856d1f05"
            ],
            "version": "==0.6.0"
        },
        "whitenoise": {
            "hashes": [
                "sha256:15f43b2e701821b95c9016cf469d29e2a546cb1c7dead584ba82c36f843995cf",
                "sha256:9d81515f2b5b27051910996e1e860b1332e354d9e7bcf30c98f21dcb6713e0dd"
            ],
            "index": "pypi",
            "version": "==3.3.1"
        },
        "zipp": {
            "hashes": [
                "sha256:aa36550ff0c0b7ef7fa639055d797116ee891440eac1a56f378e2d3179e0320b",
                "sha256:c599e4d75c98f6798c509911d08a22e6c021d074469042177c8c86fb92eefd96"
            ],
            "version": "==3.1.0"
        }
    },
    "develop": {}
}
